// !$*UTF8*$!
{
	archiveVersion = 1;
	classes = {
	};
	objectVersion = 50;
	objects = {

/* Begin PBXBuildFile section */
		498D17F8250DB2200040A6BA /* AppDelegate.swift in Sources */ = {isa = PBXBuildFile; fileRef = 498D17F7250DB2200040A6BA /* AppDelegate.swift */; };
		498D17FA250DB2200040A6BA /* SceneDelegate.swift in Sources */ = {isa = PBXBuildFile; fileRef = 498D17F9250DB2200040A6BA /* SceneDelegate.swift */; };
		498D17FC250DB2200040A6BA /* ViewController.swift in Sources */ = {isa = PBXBuildFile; fileRef = 498D17FB250DB2200040A6BA /* ViewController.swift */; };
		498D17FF250DB2200040A6BA /* Main.storyboard in Resources */ = {isa = PBXBuildFile; fileRef = 498D17FD250DB2200040A6BA /* Main.storyboard */; };
		498D1801250DB2250040A6BA /* Assets.xcassets in Resources */ = {isa = PBXBuildFile; fileRef = 498D1800250DB2250040A6BA /* Assets.xcassets */; };
		498D1804250DB2250040A6BA /* LaunchScreen.storyboard in Resources */ = {isa = PBXBuildFile; fileRef = 498D1802250DB2250040A6BA /* LaunchScreen.storyboard */; };
		498D180F250DB2250040A6BA /* NasaAppTests.swift in Sources */ = {isa = PBXBuildFile; fileRef = 498D180E250DB2250040A6BA /* NasaAppTests.swift */; };
		498D181A250DB2250040A6BA /* NasaAppUITests.swift in Sources */ = {isa = PBXBuildFile; fileRef = 498D1819250DB2250040A6BA /* NasaAppUITests.swift */; };
/* End PBXBuildFile section */

/* Begin PBXContainerItemProxy section */
		498D180B250DB2250040A6BA /* PBXContainerItemProxy */ = {
			isa = PBXContainerItemProxy;
			containerPortal = 498D17EC250DB21F0040A6BA /* Project object */;
			proxyType = 1;
			remoteGlobalIDString = 498D17F3250DB2200040A6BA;
			remoteInfo = NasaApp;
		};
		498D1816250DB2250040A6BA /* PBXContainerItemProxy */ = {
			isa = PBXContainerItemProxy;
			containerPortal = 498D17EC250DB21F0040A6BA /* Project object */;
			proxyType = 1;
			remoteGlobalIDString = 498D17F3250DB2200040A6BA;
			remoteInfo = NasaApp;
		};
/* End PBXContainerItemProxy section */

/* Begin PBXFileReference section */
		498D17F4250DB2200040A6BA /* NasaApp.app */ = {isa = PBXFileReference; explicitFileType = wrapper.application; includeInIndex = 0; path = NasaApp.app; sourceTree = BUILT_PRODUCTS_DIR; };
		498D17F7250DB2200040A6BA /* AppDelegate.swift */ = {isa = PBXFileReference; lastKnownFileType = sourcecode.swift; path = AppDelegate.swift; sourceTree = "<group>"; };
		498D17F9250DB2200040A6BA /* SceneDelegate.swift */ = {isa = PBXFileReference; lastKnownFileType = sourcecode.swift; path = SceneDelegate.swift; sourceTree = "<group>"; };
		498D17FB250DB2200040A6BA /* ViewController.swift */ = {isa = PBXFileReference; lastKnownFileType = sourcecode.swift; path = ViewController.swift; sourceTree = "<group>"; };
		498D17FE250DB2200040A6BA /* Base */ = {isa = PBXFileReference; lastKnownFileType = file.storyboard; name = Base; path = Base.lproj/Main.storyboard; sourceTree = "<group>"; };
		498D1800250DB2250040A6BA /* Assets.xcassets */ = {isa = PBXFileReference; lastKnownFileType = folder.assetcatalog; path = Assets.xcassets; sourceTree = "<group>"; };
		498D1803250DB2250040A6BA /* Base */ = {isa = PBXFileReference; lastKnownFileType = file.storyboard; name = Base; path = Base.lproj/LaunchScreen.storyboard; sourceTree = "<group>"; };
		498D1805250DB2250040A6BA /* Info.plist */ = {isa = PBXFileReference; lastKnownFileType = text.plist.xml; path = Info.plist; sourceTree = "<group>"; };
		498D180A250DB2250040A6BA /* NasaAppTests.xctest */ = {isa = PBXFileReference; explicitFileType = wrapper.cfbundle; includeInIndex = 0; path = NasaAppTests.xctest; sourceTree = BUILT_PRODUCTS_DIR; };
		498D180E250DB2250040A6BA /* NasaAppTests.swift */ = {isa = PBXFileReference; lastKnownFileType = sourcecode.swift; path = NasaAppTests.swift; sourceTree = "<group>"; };
		498D1810250DB2250040A6BA /* Info.plist */ = {isa = PBXFileReference; lastKnownFileType = text.plist.xml; path = Info.plist; sourceTree = "<group>"; };
		498D1815250DB2250040A6BA /* NasaAppUITests.xctest */ = {isa = PBXFileReference; explicitFileType = wrapper.cfbundle; includeInIndex = 0; path = NasaAppUITests.xctest; sourceTree = BUILT_PRODUCTS_DIR; };
		498D1819250DB2250040A6BA /* NasaAppUITests.swift */ = {isa = PBXFileReference; lastKnownFileType = sourcecode.swift; path = NasaAppUITests.swift; sourceTree = "<group>"; };
		498D181B250DB2250040A6BA /* Info.plist */ = {isa = PBXFileReference; lastKnownFileType = text.plist.xml; path = Info.plist; sourceTree = "<group>"; };
/* End PBXFileReference section */

/* Begin PBXFrameworksBuildPhase section */
		498D17F1250DB2200040A6BA /* Frameworks */ = {
			isa = PBXFrameworksBuildPhase;
			buildActionMask = 2147483647;
			files = (
			);
			runOnlyForDeploymentPostprocessing = 0;
		};
		498D1807250DB2250040A6BA /* Frameworks */ = {
			isa = PBXFrameworksBuildPhase;
			buildActionMask = 2147483647;
			files = (
			);
			runOnlyForDeploymentPostprocessing = 0;
		};
		498D1812250DB2250040A6BA /* Frameworks */ = {
			isa = PBXFrameworksBuildPhase;
			buildActionMask = 2147483647;
			files = (
			);
			runOnlyForDeploymentPostprocessing = 0;
		};
/* End PBXFrameworksBuildPhase section */

/* Begin PBXGroup section */
		498D17EB250DB21F0040A6BA = {
			isa = PBXGroup;
			children = (
				498D17F6250DB2200040A6BA /* NasaApp */,
				498D180D250DB2250040A6BA /* NasaAppTests */,
				498D1818250DB2250040A6BA /* NasaAppUITests */,
				498D17F5250DB2200040A6BA /* Products */,
			);
			sourceTree = "<group>";
		};
		498D17F5250DB2200040A6BA /* Products */ = {
			isa = PBXGroup;
			children = (
				498D17F4250DB2200040A6BA /* NasaApp.app */,
				498D180A250DB2250040A6BA /* NasaAppTests.xctest */,
				498D1815250DB2250040A6BA /* NasaAppUITests.xctest */,
			);
			name = Products;
			sourceTree = "<group>";
		};
		498D17F6250DB2200040A6BA /* NasaApp */ = {
			isa = PBXGroup;
			children = (
				498D17F7250DB2200040A6BA /* AppDelegate.swift */,
				498D17F9250DB2200040A6BA /* SceneDelegate.swift */,
				498D17FB250DB2200040A6BA /* ViewController.swift */,
				498D17FD250DB2200040A6BA /* Main.storyboard */,
				498D1800250DB2250040A6BA /* Assets.xcassets */,
				498D1802250DB2250040A6BA /* LaunchScreen.storyboard */,
				498D1805250DB2250040A6BA /* Info.plist */,
			);
			path = NasaApp;
			sourceTree = "<group>";
		};
		498D180D250DB2250040A6BA /* NasaAppTests */ = {
			isa = PBXGroup;
			children = (
				498D180E250DB2250040A6BA /* NasaAppTests.swift */,
				498D1810250DB2250040A6BA /* Info.plist */,
			);
			path = NasaAppTests;
			sourceTree = "<group>";
		};
		498D1818250DB2250040A6BA /* NasaAppUITests */ = {
			isa = PBXGroup;
			children = (
				498D1819250DB2250040A6BA /* NasaAppUITests.swift */,
				498D181B250DB2250040A6BA /* Info.plist */,
			);
			path = NasaAppUITests;
			sourceTree = "<group>";
		};
/* End PBXGroup section */

/* Begin PBXNativeTarget section */
		498D17F3250DB2200040A6BA /* NasaApp */ = {
			isa = PBXNativeTarget;
			buildConfigurationList = 498D181E250DB2250040A6BA /* Build configuration list for PBXNativeTarget "NasaApp" */;
			buildPhases = (
				498D17F0250DB2200040A6BA /* Sources */,
				498D17F1250DB2200040A6BA /* Frameworks */,
				498D17F2250DB2200040A6BA /* Resources */,
			);
			buildRules = (
			);
			dependencies = (
			);
			name = NasaApp;
			productName = NasaApp;
			productReference = 498D17F4250DB2200040A6BA /* NasaApp.app */;
			productType = "com.apple.product-type.application";
		};
		498D1809250DB2250040A6BA /* NasaAppTests */ = {
			isa = PBXNativeTarget;
			buildConfigurationList = 498D1821250DB2250040A6BA /* Build configuration list for PBXNativeTarget "NasaAppTests" */;
			buildPhases = (
				498D1806250DB2250040A6BA /* Sources */,
				498D1807250DB2250040A6BA /* Frameworks */,
				498D1808250DB2250040A6BA /* Resources */,
			);
			buildRules = (
			);
			dependencies = (
				498D180C250DB2250040A6BA /* PBXTargetDependency */,
			);
			name = NasaAppTests;
			productName = NasaAppTests;
			productReference = 498D180A250DB2250040A6BA /* NasaAppTests.xctest */;
			productType = "com.apple.product-type.bundle.unit-test";
		};
		498D1814250DB2250040A6BA /* NasaAppUITests */ = {
			isa = PBXNativeTarget;
			buildConfigurationList = 498D1824250DB2250040A6BA /* Build configuration list for PBXNativeTarget "NasaAppUITests" */;
			buildPhases = (
				498D1811250DB2250040A6BA /* Sources */,
				498D1812250DB2250040A6BA /* Frameworks */,
				498D1813250DB2250040A6BA /* Resources */,
			);
			buildRules = (
			);
			dependencies = (
				498D1817250DB2250040A6BA /* PBXTargetDependency */,
			);
			name = NasaAppUITests;
			productName = NasaAppUITests;
			productReference = 498D1815250DB2250040A6BA /* NasaAppUITests.xctest */;
			productType = "com.apple.product-type.bundle.ui-testing";
		};
/* End PBXNativeTarget section */

/* Begin PBXProject section */
		498D17EC250DB21F0040A6BA /* Project object */ = {
			isa = PBXProject;
			attributes = {
				LastSwiftUpdateCheck = 1170;
				LastUpgradeCheck = 1170;
				ORGANIZATIONNAME = "Juan Camilo";
				TargetAttributes = {
					498D17F3250DB2200040A6BA = {
						CreatedOnToolsVersion = 11.7;
					};
					498D1809250DB2250040A6BA = {
						CreatedOnToolsVersion = 11.7;
						TestTargetID = 498D17F3250DB2200040A6BA;
					};
					498D1814250DB2250040A6BA = {
						CreatedOnToolsVersion = 11.7;
						TestTargetID = 498D17F3250DB2200040A6BA;
					};
				};
			};
			buildConfigurationList = 498D17EF250DB21F0040A6BA /* Build configuration list for PBXProject "NasaApp" */;
			compatibilityVersion = "Xcode 9.3";
			developmentRegion = en;
			hasScannedForEncodings = 0;
			knownRegions = (
				en,
				Base,
			);
			mainGroup = 498D17EB250DB21F0040A6BA;
			productRefGroup = 498D17F5250DB2200040A6BA /* Products */;
			projectDirPath = "";
			projectRoot = "";
			targets = (
				498D17F3250DB2200040A6BA /* NasaApp */,
				498D1809250DB2250040A6BA /* NasaAppTests */,
				498D1814250DB2250040A6BA /* NasaAppUITests */,
			);
		};
/* End PBXProject section */

/* Begin PBXResourcesBuildPhase section */
		498D17F2250DB2200040A6BA /* Resources */ = {
			isa = PBXResourcesBuildPhase;
			buildActionMask = 2147483647;
			files = (
				498D1804250DB2250040A6BA /* LaunchScreen.storyboard in Resources */,
				498D1801250DB2250040A6BA /* Assets.xcassets in Resources */,
				498D17FF250DB2200040A6BA /* Main.storyboard in Resources */,
			);
			runOnlyForDeploymentPostprocessing = 0;
		};
		498D1808250DB2250040A6BA /* Resources */ = {
			isa = PBXResourcesBuildPhase;
			buildActionMask = 2147483647;
			files = (
			);
			runOnlyForDeploymentPostprocessing = 0;
		};
		498D1813250DB2250040A6BA /* Resources */ = {
			isa = PBXResourcesBuildPhase;
			buildActionMask = 2147483647;
			files = (
			);
			runOnlyForDeploymentPostprocessing = 0;
		};
/* End PBXResourcesBuildPhase section */

/* Begin PBXSourcesBuildPhase section */
		498D17F0250DB2200040A6BA /* Sources */ = {
			isa = PBXSourcesBuildPhase;
			buildActionMask = 2147483647;
			files = (
				498D17FC250DB2200040A6BA /* ViewController.swift in Sources */,
				498D17F8250DB2200040A6BA /* AppDelegate.swift in Sources */,
				498D17FA250DB2200040A6BA /* SceneDelegate.swift in Sources */,
			);
			runOnlyForDeploymentPostprocessing = 0;
		};
		498D1806250DB2250040A6BA /* Sources */ = {
			isa = PBXSourcesBuildPhase;
			buildActionMask = 2147483647;
			files = (
				498D180F250DB2250040A6BA /* NasaAppTests.swift in Sources */,
			);
			runOnlyForDeploymentPostprocessing = 0;
		};
		498D1811250DB2250040A6BA /* Sources */ = {
			isa = PBXSourcesBuildPhase;
			buildActionMask = 2147483647;
			files = (
				498D181A250DB2250040A6BA /* NasaAppUITests.swift in Sources */,
			);
			runOnlyForDeploymentPostprocessing = 0;
		};
/* End PBXSourcesBuildPhase section */

/* Begin PBXTargetDependency section */
		498D180C250DB2250040A6BA /* PBXTargetDependency */ = {
			isa = PBXTargetDependency;
			target = 498D17F3250DB2200040A6BA /* NasaApp */;
			targetProxy = 498D180B250DB2250040A6BA /* PBXContainerItemProxy */;
		};
		498D1817250DB2250040A6BA /* PBXTargetDependency */ = {
			isa = PBXTargetDependency;
			target = 498D17F3250DB2200040A6BA /* NasaApp */;
			targetProxy = 498D1816250DB2250040A6BA /* PBXContainerItemProxy */;
		};
/* End PBXTargetDependency section */

/* Begin PBXVariantGroup section */
		498D17FD250DB2200040A6BA /* Main.storyboard */ = {
			isa = PBXVariantGroup;
			children = (
				498D17FE250DB2200040A6BA /* Base */,
			);
			name = Main.storyboard;
			sourceTree = "<group>";
		};
		498D1802250DB2250040A6BA /* LaunchScreen.storyboard */ = {
			isa = PBXVariantGroup;
			children = (
				498D1803250DB2250040A6BA /* Base */,
			);
			name = LaunchScreen.storyboard;
			sourceTree = "<group>";
		};
/* End PBXVariantGroup section */

/* Begin XCBuildConfiguration section */
		498D181C250DB2250040A6BA /* Debug */ = {
			isa = XCBuildConfiguration;
			buildSettings = {
				ALWAYS_SEARCH_USER_PATHS = NO;
				CLANG_ANALYZER_NONNULL = YES;
				CLANG_ANALYZER_NUMBER_OBJECT_CONVERSION = YES_AGGRESSIVE;
				CLANG_CXX_LANGUAGE_STANDARD = "gnu++14";
				CLANG_CXX_LIBRARY = "libc++";
				CLANG_ENABLE_MODULES = YES;
				CLANG_ENABLE_OBJC_ARC = YES;
				CLANG_ENABLE_OBJC_WEAK = YES;
				CLANG_WARN_BLOCK_CAPTURE_AUTORELEASING = YES;
				CLANG_WARN_BOOL_CONVERSION = YES;
				CLANG_WARN_COMMA = YES;
				CLANG_WARN_CONSTANT_CONVERSION = YES;
				CLANG_WARN_DEPRECATED_OBJC_IMPLEMENTATIONS = YES;
				CLANG_WARN_DIRECT_OBJC_ISA_USAGE = YES_ERROR;
				CLANG_WARN_DOCUMENTATION_COMMENTS = YES;
				CLANG_WARN_EMPTY_BODY = YES;
				CLANG_WARN_ENUM_CONVERSION = YES;
				CLANG_WARN_INFINITE_RECURSION = YES;
				CLANG_WARN_INT_CONVERSION = YES;
				CLANG_WARN_NON_LITERAL_NULL_CONVERSION = YES;
				CLANG_WARN_OBJC_IMPLICIT_RETAIN_SELF = YES;
				CLANG_WARN_OBJC_LITERAL_CONVERSION = YES;
				CLANG_WARN_OBJC_ROOT_CLASS = YES_ERROR;
				CLANG_WARN_RANGE_LOOP_ANALYSIS = YES;
				CLANG_WARN_STRICT_PROTOTYPES = YES;
				CLANG_WARN_SUSPICIOUS_MOVE = YES;
				CLANG_WARN_UNGUARDED_AVAILABILITY = YES_AGGRESSIVE;
				CLANG_WARN_UNREACHABLE_CODE = YES;
				CLANG_WARN__DUPLICATE_METHOD_MATCH = YES;
				COPY_PHASE_STRIP = NO;
				DEBUG_INFORMATION_FORMAT = dwarf;
				ENABLE_STRICT_OBJC_MSGSEND = YES;
				ENABLE_TESTABILITY = YES;
				GCC_C_LANGUAGE_STANDARD = gnu11;
				GCC_DYNAMIC_NO_PIC = NO;
				GCC_NO_COMMON_BLOCKS = YES;
				GCC_OPTIMIZATION_LEVEL = 0;
				GCC_PREPROCESSOR_DEFINITIONS = (
					"DEBUG=1",
					"$(inherited)",
				);
				GCC_WARN_64_TO_32_BIT_CONVERSION = YES;
				GCC_WARN_ABOUT_RETURN_TYPE = YES_ERROR;
				GCC_WARN_UNDECLARED_SELECTOR = YES;
				GCC_WARN_UNINITIALIZED_AUTOS = YES_AGGRESSIVE;
				GCC_WARN_UNUSED_FUNCTION = YES;
				GCC_WARN_UNUSED_VARIABLE = YES;
				IPHONEOS_DEPLOYMENT_TARGET = 13.7;
				MTL_ENABLE_DEBUG_INFO = INCLUDE_SOURCE;
				MTL_FAST_MATH = YES;
				ONLY_ACTIVE_ARCH = YES;
				SDKROOT = iphoneos;
				SWIFT_ACTIVE_COMPILATION_CONDITIONS = DEBUG;
				SWIFT_OPTIMIZATION_LEVEL = "-Onone";
			};
			name = Debug;
		};
		498D181D250DB2250040A6BA /* Release */ = {
			isa = XCBuildConfiguration;
			buildSettings = {
				ALWAYS_SEARCH_USER_PATHS = NO;
				CLANG_ANALYZER_NONNULL = YES;
				CLANG_ANALYZER_NUMBER_OBJECT_CONVERSION = YES_AGGRESSIVE;
				CLANG_CXX_LANGUAGE_STANDARD = "gnu++14";
				CLANG_CXX_LIBRARY = "libc++";
				CLANG_ENABLE_MODULES = YES;
				CLANG_ENABLE_OBJC_ARC = YES;
				CLANG_ENABLE_OBJC_WEAK = YES;
				CLANG_WARN_BLOCK_CAPTURE_AUTORELEASING = YES;
				CLANG_WARN_BOOL_CONVERSION = YES;
				CLANG_WARN_COMMA = YES;
				CLANG_WARN_CONSTANT_CONVERSION = YES;
				CLANG_WARN_DEPRECATED_OBJC_IMPLEMENTATIONS = YES;
				CLANG_WARN_DIRECT_OBJC_ISA_USAGE = YES_ERROR;
				CLANG_WARN_DOCUMENTATION_COMMENTS = YES;
				CLANG_WARN_EMPTY_BODY = YES;
				CLANG_WARN_ENUM_CONVERSION = YES;
				CLANG_WARN_INFINITE_RECURSION = YES;
				CLANG_WARN_INT_CONVERSION = YES;
				CLANG_WARN_NON_LITERAL_NULL_CONVERSION = YES;
				CLANG_WARN_OBJC_IMPLICIT_RETAIN_SELF = YES;
				CLANG_WARN_OBJC_LITERAL_CONVERSION = YES;
				CLANG_WARN_OBJC_ROOT_CLASS = YES_ERROR;
				CLANG_WARN_RANGE_LOOP_ANALYSIS = YES;
				CLANG_WARN_STRICT_PROTOTYPES = YES;
				CLANG_WARN_SUSPICIOUS_MOVE = YES;
				CLANG_WARN_UNGUARDED_AVAILABILITY = YES_AGGRESSIVE;
				CLANG_WARN_UNREACHABLE_CODE = YES;
				CLANG_WARN__DUPLICATE_METHOD_MATCH = YES;
				COPY_PHASE_STRIP = NO;
				DEBUG_INFORMATION_FORMAT = "dwarf-with-dsym";
				ENABLE_NS_ASSERTIONS = NO;
				ENABLE_STRICT_OBJC_MSGSEND = YES;
				GCC_C_LANGUAGE_STANDARD = gnu11;
				GCC_NO_COMMON_BLOCKS = YES;
				GCC_WARN_64_TO_32_BIT_CONVERSION = YES;
				GCC_WARN_ABOUT_RETURN_TYPE = YES_ERROR;
				GCC_WARN_UNDECLARED_SELECTOR = YES;
				GCC_WARN_UNINITIALIZED_AUTOS = YES_AGGRESSIVE;
				GCC_WARN_UNUSED_FUNCTION = YES;
				GCC_WARN_UNUSED_VARIABLE = YES;
				IPHONEOS_DEPLOYMENT_TARGET = 13.7;
				MTL_ENABLE_DEBUG_INFO = NO;
				MTL_FAST_MATH = YES;
				SDKROOT = iphoneos;
				SWIFT_COMPILATION_MODE = wholemodule;
				SWIFT_OPTIMIZATION_LEVEL = "-O";
				VALIDATE_PRODUCT = YES;
			};
			name = Release;
		};
		498D181F250DB2250040A6BA /* Debug */ = {
			isa = XCBuildConfiguration;
			buildSettings = {
				ASSETCATALOG_COMPILER_APPICON_NAME = AppIcon;
				CODE_SIGN_STYLE = Automatic;
				INFOPLIST_FILE = NasaApp/Info.plist;
				LD_RUNPATH_SEARCH_PATHS = (
					"$(inherited)",
					"@executable_path/Frameworks",
				);
				PRODUCT_BUNDLE_IDENTIFIER = com.kshone.NasaApp;
				PRODUCT_NAME = "$(TARGET_NAME)";
				SWIFT_VERSION = 5.0;
				TARGETED_DEVICE_FAMILY = "1,2";
			};
			name = Debug;
		};
		498D1820250DB2250040A6BA /* Release */ = {
			isa = XCBuildConfiguration;
			buildSettings = {
				ASSETCATALOG_COMPILER_APPICON_NAME = AppIcon;
				CODE_SIGN_STYLE = Automatic;
				INFOPLIST_FILE = NasaApp/Info.plist;
				LD_RUNPATH_SEARCH_PATHS = (
					"$(inherited)",
					"@executable_path/Frameworks",
				);
				PRODUCT_BUNDLE_IDENTIFIER = com.kshone.NasaApp;
				PRODUCT_NAME = "$(TARGET_NAME)";
				SWIFT_VERSION = 5.0;
				TARGETED_DEVICE_FAMILY = "1,2";
			};
			name = Release;
		};
		498D1822250DB2250040A6BA /* Debug */ = {
			isa = XCBuildConfiguration;
			buildSettings = {
				ALWAYS_EMBED_SWIFT_STANDARD_LIBRARIES = YES;
				BUNDLE_LOADER = "$(TEST_HOST)";
				CODE_SIGN_STYLE = Automatic;
				INFOPLIST_FILE = NasaAppTests/Info.plist;
				IPHONEOS_DEPLOYMENT_TARGET = 13.7;
				LD_RUNPATH_SEARCH_PATHS = (
					"$(inherited)",
					"@executable_path/Frameworks",
					"@loader_path/Frameworks",
				);
				PRODUCT_BUNDLE_IDENTIFIER = com.kshone.NasaAppTests;
				PRODUCT_NAME = "$(TARGET_NAME)";
				SWIFT_VERSION = 5.0;
				TARGETED_DEVICE_FAMILY = "1,2";
				TEST_HOST = "$(BUILT_PRODUCTS_DIR)/NasaApp.app/NasaApp";
			};
			name = Debug;
		};
		498D1823250DB2250040A6BA /* Release */ = {
			isa = XCBuildConfiguration;
			buildSettings = {
				ALWAYS_EMBED_SWIFT_STANDARD_LIBRARIES = YES;
				BUNDLE_LOADER = "$(TEST_HOST)";
				CODE_SIGN_STYLE = Automatic;
				INFOPLIST_FILE = NasaAppTests/Info.plist;
				IPHONEOS_DEPLOYMENT_TARGET = 13.7;
				LD_RUNPATH_SEARCH_PATHS = (
					"$(inherited)",
					"@executable_path/Frameworks",
					"@loader_path/Frameworks",
				);
				PRODUCT_BUNDLE_IDENTIFIER = com.kshone.NasaAppTests;
				PRODUCT_NAME = "$(TARGET_NAME)";
				SWIFT_VERSION = 5.0;
				TARGETED_DEVICE_FAMILY = "1,2";
				TEST_HOST = "$(BUILT_PRODUCTS_DIR)/NasaApp.app/NasaApp";
			};
			name = Release;
		};
		498D1825250DB2250040A6BA /* Debug */ = {
			isa = XCBuildConfiguration;
			buildSettings = {
				ALWAYS_EMBED_SWIFT_STANDARD_LIBRARIES = YES;
				CODE_SIGN_STYLE = Automatic;
				INFOPLIST_FILE = NasaAppUITests/Info.plist;
				LD_RUNPATH_SEARCH_PATHS = (
					"$(inherited)",
					"@executable_path/Frameworks",
					"@loader_path/Frameworks",
				);
				PRODUCT_BUNDLE_IDENTIFIER = com.kshone.NasaAppUITests;
				PRODUCT_NAME = "$(TARGET_NAME)";
				SWIFT_VERSION = 5.0;
				TARGETED_DEVICE_FAMILY = "1,2";
				TEST_TARGET_NAME = NasaApp;
			};
			name = Debug;
		};
		498D1826250DB2250040A6BA /* Release */ = {
			isa = XCBuildConfiguration;
			buildSettings = {
				ALWAYS_EMBED_SWIFT_STANDARD_LIBRARIES = YES;
				CODE_SIGN_STYLE = Automatic;
				INFOPLIST_FILE = NasaAppUITests/Info.plist;
				LD_RUNPATH_SEARCH_PATHS = (
					"$(inherited)",
					"@executable_path/Frameworks",
					"@loader_path/Frameworks",
				);
				PRODUCT_BUNDLE_IDENTIFIER = com.kshone.NasaAppUITests;
				PRODUCT_NAME = "$(TARGET_NAME)";
				SWIFT_VERSION = 5.0;
				TARGETED_DEVICE_FAMILY = "1,2";
				TEST_TARGET_NAME = NasaApp;
			};
			name = Release;
		};
/* End XCBuildConfiguration section */

/* Begin XCConfigurationList section */
		498D17EF250DB21F0040A6BA /* Build configuration list for PBXProject "NasaApp" */ = {
			isa = XCConfigurationList;
			buildConfigurations = (
				498D181C250DB2250040A6BA /* Debug */,
				498D181D250DB2250040A6BA /* Release */,
			);
			defaultConfigurationIsVisible = 0;
			defaultConfigurationName = Release;
		};
		498D181E250DB2250040A6BA /* Build configuration list for PBXNativeTarget "NasaApp" */ = {
			isa = XCConfigurationList;
			buildConfigurations = (
				498D181F250DB2250040A6BA /* Debug */,
				498D1820250DB2250040A6BA /* Release */,
			);
			defaultConfigurationIsVisible = 0;
			defaultConfigurationName = Release;
		};
		498D1821250DB2250040A6BA /* Build configuration list for PBXNativeTarget "NasaAppTests" */ = {
			isa = XCConfigurationList;
			buildConfigurations = (
				498D1822250DB2250040A6BA /* Debug */,
				498D1823250DB2250040A6BA /* Release */,
			);
			defaultConfigurationIsVisible = 0;
			defaultConfigurationName = Release;
		};
		498D1824250DB2250040A6BA /* Build configuration list for PBXNativeTarget "NasaAppUITests" */ = {
			isa = XCConfigurationList;
			buildConfigurations = (
				498D1825250DB2250040A6BA /* Debug */,
				498D1826250DB2250040A6BA /* Release */,
			);
			defaultConfigurationIsVisible = 0;
			defaultConfigurationName = Release;
		};
/* End XCConfigurationList section */
	};
	rootObject = 498D17EC250DB21F0040A6BA /* Project object */;
}
